
Microsoft Visual Studio Solution File, Format Version 12.00
Project("{FAE04EC0-301F-11D3-BF4B-00C04F79EFBC}") = "Minimal.Api", "Minimal.Api\Minimal.Api.csproj", "{DA4C168C-70B8-41E9-BE6E-122325E0FE17}"
EndProject
Global
	GlobalSection(SolutionConfigurationPlatforms) = preSolution
		Debug|Any CPU = Debug|Any CPU
		Release|Any CPU = Release|Any CPU
	EndGlobalSection
	GlobalSection(ProjectConfigurationPlatforms) = postSolution
		{DA4C168C-70B8-41E9-BE6E-122325E0FE17}.Debug|Any CPU.ActiveCfg = Debug|Any CPU
		{DA4C168C-70B8-41E9-BE6E-122325E0FE17}.Debug|Any CPU.Build.0 = Debug|Any CPU
		{DA4C168C-70B8-41E9-BE6E-122325E0FE17}.Release|Any CPU.ActiveCfg = Release|Any CPU
		{DA4C168C-70B8-41E9-BE6E-122325E0FE17}.Release|Any CPU.Build.0 = Release|Any CPU
	EndGlobalSection
EndGlobal
